
Microsoft Visual Studio Solution File, Format Version 12.00
# Visual Studio 14
VisualStudioVersion = 14.0.25420.1
MinimumVisualStudioVersion = 10.0.40219.1
Project("{FAE04EC0-301F-11D3-BF4B-00C04F79EFBC}") = "Console_2차원배열을1차원배열로복사하기코드", "Console_2차원배열을1차원배열로복사하기코드\Console_2차원배열을1차원배열로복사하기코드.csproj", "{17FD8C03-0F15-4A2B-B049-CE83476186C7}"
EndProject
Global
	GlobalSection(SolutionConfigurationPlatforms) = preSolution
		Debug|Any CPU = Debug|Any CPU
		Release|Any CPU = Release|Any CPU
	EndGlobalSection
	GlobalSection(ProjectConfigurationPlatforms) = postSolution
		{17FD8C03-0F15-4A2B-B049-CE83476186C7}.Debug|Any CPU.ActiveCfg = Debug|Any CPU
		{17FD8C03-0F15-4A2B-B049-CE83476186C7}.Debug|Any CPU.Build.0 = Debug|Any CPU
		{17FD8C03-0F15-4A2B-B049-CE83476186C7}.Release|Any CPU.ActiveCfg = Release|Any CPU
		{17FD8C03-0F15-4A2B-B049-CE83476186C7}.Release|Any CPU.Build.0 = Release|Any CPU
	EndGlobalSection
	GlobalSection(SolutionProperties) = preSolution
		HideSolutionNode = FALSE
	EndGlobalSection
EndGlobal
